
Microsoft Visual Studio Solution File, Format Version 12.00
# Visual Studio Version 16
VisualStudioVersion = 16.0.30406.217
MinimumVisualStudioVersion = 10.0.40219.1
Project("{9A19103F-16F7-4668-BE54-9A1E7A4F7556}") = "File", "File\File.csproj", "{AEF4AF75-365A-48FF-9E68-2241599F42AA}"
EndProject
Project("{FAE04EC0-301F-11D3-BF4B-00C04F79EFBC}") = "ConsoleApp1", "ConsoleApp1\ConsoleApp1.csproj", "{09F3CE2C-7489-4BFC-AE20-60670F5253A5}"
EndProject
Project("{FAE04EC0-301F-11D3-BF4B-00C04F79EFBC}") = "ConsoleApp2", "ConsoleApp2\ConsoleApp2.csproj", "{1397D6C1-0572-495C-AE85-02A051E3EF04}"
EndProject
Global
	GlobalSection(SolutionConfigurationPlatforms) = preSolution
		Debug|Any CPU = Debug|Any CPU
		Release|Any CPU = Release|Any CPU
	EndGlobalSection
	GlobalSection(ProjectConfigurationPlatforms) = postSolution
		{AEF4AF75-365A-48FF-9E68-2241599F42AA}.Debug|Any CPU.ActiveCfg = Debug|Any CPU
		{AEF4AF75-365A-48FF-9E68-2241599F42AA}.Debug|Any CPU.Build.0 = Debug|Any CPU
		{AEF4AF75-365A-48FF-9E68-2241599F42AA}.Release|Any CPU.ActiveCfg = Release|Any CPU
		{AEF4AF75-365A-48FF-9E68-2241599F42AA}.Release|Any CPU.Build.0 = Release|Any CPU
		{09F3CE2C-7489-4BFC-AE20-60670F5253A5}.Debug|Any CPU.ActiveCfg = Debug|Any CPU
		{09F3CE2C-7489-4BFC-AE20-60670F5253A5}.Debug|Any CPU.Build.0 = Debug|Any CPU
		{09F3CE2C-7489-4BFC-AE20-60670F5253A5}.Release|Any CPU.ActiveCfg = Release|Any CPU
		{09F3CE2C-7489-4BFC-AE20-60670F5253A5}.Release|Any CPU.Build.0 = Release|Any CPU
		{1397D6C1-0572-495C-AE85-02A051E3EF04}.Debug|Any CPU.ActiveCfg = Debug|Any CPU
		{1397D6C1-0572-495C-AE85-02A051E3EF04}.Debug|Any CPU.Build.0 = Debug|Any CPU
		{1397D6C1-0572-495C-AE85-02A051E3EF04}.Release|Any CPU.ActiveCfg = Release|Any CPU
		{1397D6C1-0572-495C-AE85-02A051E3EF04}.Release|Any CPU.Build.0 = Release|Any CPU
	EndGlobalSection
	GlobalSection(SolutionProperties) = preSolution
		HideSolutionNode = FALSE
	EndGlobalSection
	GlobalSection(ExtensibilityGlobals) = postSolution
		SolutionGuid = {84C62BC3-3267-4FED-ACC9-9C915E82B218}
	EndGlobalSection
EndGlobal
